
Microsoft Visual Studio Solution File, Format Version 11.00
# Visual Studio 2010
Project("{FAE04EC0-301F-11D3-BF4B-00C04F79EFBC}") = "Assembly-CSharp", "Assembly-CSharp.csproj", "{70979de0-83fc-0817-fc24-0d032e876cf7}"
EndProject
Project("{FAE04EC0-301F-11D3-BF4B-00C04F79EFBC}") = "Assembly-CSharp-Editor", "Assembly-CSharp-Editor.csproj", "{e94eb05a-3252-d4e1-c4fe-60b8ba8bc337}"
EndProject
Global
	GlobalSection(SolutionConfigurationPlatforms) = preSolution
		Debug|Any CPU = Debug|Any CPU
	EndGlobalSection
	GlobalSection(ProjectConfigurationPlatforms) = postSolution
		{70979de0-83fc-0817-fc24-0d032e876cf7}.Debug|Any CPU.ActiveCfg = Debug|Any CPU
		{70979de0-83fc-0817-fc24-0d032e876cf7}.Debug|Any CPU.Build.0 = Debug|Any CPU
		{e94eb05a-3252-d4e1-c4fe-60b8ba8bc337}.Debug|Any CPU.ActiveCfg = Debug|Any CPU
		{e94eb05a-3252-d4e1-c4fe-60b8ba8bc337}.Debug|Any CPU.Build.0 = Debug|Any CPU
	EndGlobalSection
	GlobalSection(SolutionProperties) = preSolution
		HideSolutionNode = FALSE
	EndGlobalSection
EndGlobal
